
Microsoft Visual Studio Solution File, Format Version 12.00
# Visual Studio Version 16
VisualStudioVersion = 16.0.31624.102
MinimumVisualStudioVersion = 10.0.40219.1
Project("{9A19103F-16F7-4668-BE54-9A1E7A4F7556}") = "01_csharp_base", "CSharp_base\01_csharp_base.csproj", "{63C3F18B-BC23-4937-BB0D-7A9EA5D784D0}"
EndProject
Project("{9A19103F-16F7-4668-BE54-9A1E7A4F7556}") = "02_oop_classes", "02_oop_classes\02_oop_classes.csproj", "{C42B5275-1D08-48B7-9BEF-B2352A3C205B}"
EndProject
Project("{9A19103F-16F7-4668-BE54-9A1E7A4F7556}") = "03_classes_props", "03_classes_props\03_classes_props.csproj", "{FAD846B7-BBF9-432C-AC00-06838442A25A}"
EndProject
Project("{9A19103F-16F7-4668-BE54-9A1E7A4F7556}") = "04_operator_overloading", "04_operator_overloading\04_operator_overloading.csproj", "{48A069BD-4126-48C3-BCA0-F093DD816B3D}"
EndProject
Project("{9A19103F-16F7-4668-BE54-9A1E7A4F7556}") = "05_inheritance", "05_inheritance\05_inheritance.csproj", "{C7436AFE-A19F-4B8D-A7AD-C00B05D144DF}"
EndProject
Project("{9A19103F-16F7-4668-BE54-9A1E7A4F7556}") = "06_polymorphism", "06_polymorphism\06_polymorphism.csproj", "{F829087F-5590-43D5-A16C-33541D7E55D1}"
EndProject
Project("{9A19103F-16F7-4668-BE54-9A1E7A4F7556}") = "07_interfaces", "07_interfaces\07_interfaces.csproj", "{5CE41497-59E8-4A38-A154-0C594E038348}"
EndProject
Project("{9A19103F-16F7-4668-BE54-9A1E7A4F7556}") = "08_system_interfaces", "08_system_interfaces\08_system_interfaces.csproj", "{C5FAF918-E743-4561-8834-DF3CF4A0B3A4}"
EndProject
Project("{9A19103F-16F7-4668-BE54-9A1E7A4F7556}") = "09_delegates", "09_delegates\09_delegates.csproj", "{3F27D1FA-EDAA-4CF0-B7DD-D5FCB92FC6E4}"
EndProject
Project("{9A19103F-16F7-4668-BE54-9A1E7A4F7556}") = "10_multicast_delegate", "10_multicast_delegate\10_multicast_delegate.csproj", "{1DBB6894-B867-46F9-AD35-D87C63A760DF}"
EndProject
Project("{9A19103F-16F7-4668-BE54-9A1E7A4F7556}") = "11_events", "11_events\11_events.csproj", "{CB0A97F6-1513-4DAC-BE3C-24CA4DB446A3}"
EndProject
Project("{9A19103F-16F7-4668-BE54-9A1E7A4F7556}") = "12_collections", "12_collections\12_collections.csproj", "{19057019-3E3E-44AF-938A-C41C82C2B609}"
EndProject
Project("{2150E333-8FDC-42A3-9474-1A3956D46DE8}") = "C_Sharp_Base", "C_Sharp_Base", "{6C474D48-AACB-4BDE-A697-7DB961E335BE}"
EndProject
Project("{2150E333-8FDC-42A3-9474-1A3956D46DE8}") = "EntityFramework", "EntityFramework", "{C561BC87-E28E-458D-8083-1D81565145BA}"
EndProject
Project("{9A19103F-16F7-4668-BE54-9A1E7A4F7556}") = "01_ef_code_first", "01_ef_code_first\01_ef_code_first.csproj", "{1FE740C5-8F2B-41EC-B318-BF260FBCAEEC}"
EndProject
Project("{9A19103F-16F7-4668-BE54-9A1E7A4F7556}") = "02_ef_relations", "02_ef_relations\02_ef_relations.csproj", "{C4025903-75AE-4F24-A9DD-EA58F1A36FF0}"
EndProject
Project("{9A19103F-16F7-4668-BE54-9A1E7A4F7556}") = "03_ef_linq", "03_ef_linq\03_ef_linq.csproj", "{9461F4D3-7D84-425E-8234-D6ABB8B7AE15}"
EndProject
Project("{9A19103F-16F7-4668-BE54-9A1E7A4F7556}") = "04_ef_async", "04_ef_async\04_ef_async.csproj", "{21323AD0-D74C-4AA0-9E8C-D5697279C515}"
EndProject
Project("{9A19103F-16F7-4668-BE54-9A1E7A4F7556}") = "05_tpl_task", "05_tpl_task\05_tpl_task.csproj", "{855B03AA-38B7-496D-A284-58A468E2C7F8}"
EndProject
Project("{2150E333-8FDC-42A3-9474-1A3956D46DE8}") = "TPL", "TPL", "{1159B7E3-9272-4E7F-A7FA-955341029A62}"
EndProject
Project("{9A19103F-16F7-4668-BE54-9A1E7A4F7556}") = "06_tpl_parallel", "06_tpl_parallel\06_tpl_parallel.csproj", "{0BFABC78-C7AD-46B2-9A82-6698406E0DAF}"
EndProject
Project("{FAE04EC0-301F-11D3-BF4B-00C04F79EFBC}") = "13_resources", "13_resources\13_resources.csproj", "{ADC381CE-3BD2-467E-A3D0-5C5378984D74}"
EndProject
Global
	GlobalSection(SolutionConfigurationPlatforms) = preSolution
		Debug|Any CPU = Debug|Any CPU
		Release|Any CPU = Release|Any CPU
	EndGlobalSection
	GlobalSection(ProjectConfigurationPlatforms) = postSolution
		{63C3F18B-BC23-4937-BB0D-7A9EA5D784D0}.Debug|Any CPU.ActiveCfg = Debug|Any CPU
		{63C3F18B-BC23-4937-BB0D-7A9EA5D784D0}.Debug|Any CPU.Build.0 = Debug|Any CPU
		{63C3F18B-BC23-4937-BB0D-7A9EA5D784D0}.Release|Any CPU.ActiveCfg = Release|Any CPU
		{63C3F18B-BC23-4937-BB0D-7A9EA5D784D0}.Release|Any CPU.Build.0 = Release|Any CPU
		{C42B5275-1D08-48B7-9BEF-B2352A3C205B}.Debug|Any CPU.ActiveCfg = Debug|Any CPU
		{C42B5275-1D08-48B7-9BEF-B2352A3C205B}.Debug|Any CPU.Build.0 = Debug|Any CPU
		{C42B5275-1D08-48B7-9BEF-B2352A3C205B}.Release|Any CPU.ActiveCfg = Release|Any CPU
		{C42B5275-1D08-48B7-9BEF-B2352A3C205B}.Release|Any CPU.Build.0 = Release|Any CPU
		{FAD846B7-BBF9-432C-AC00-06838442A25A}.Debug|Any CPU.ActiveCfg = Debug|Any CPU
		{FAD846B7-BBF9-432C-AC00-06838442A25A}.Debug|Any CPU.Build.0 = Debug|Any CPU
		{FAD846B7-BBF9-432C-AC00-06838442A25A}.Release|Any CPU.ActiveCfg = Release|Any CPU
		{FAD846B7-BBF9-432C-AC00-06838442A25A}.Release|Any CPU.Build.0 = Release|Any CPU
		{48A069BD-4126-48C3-BCA0-F093DD816B3D}.Debug|Any CPU.ActiveCfg = Debug|Any CPU
		{48A069BD-4126-48C3-BCA0-F093DD816B3D}.Debug|Any CPU.Build.0 = Debug|Any CPU
		{48A069BD-4126-48C3-BCA0-F093DD816B3D}.Release|Any CPU.ActiveCfg = Release|Any CPU
		{48A069BD-4126-48C3-BCA0-F093DD816B3D}.Release|Any CPU.Build.0 = Release|Any CPU
		{C7436AFE-A19F-4B8D-A7AD-C00B05D144DF}.Debug|Any CPU.ActiveCfg = Debug|Any CPU
		{C7436AFE-A19F-4B8D-A7AD-C00B05D144DF}.Debug|Any CPU.Build.0 = Debug|Any CPU
		{C7436AFE-A19F-4B8D-A7AD-C00B05D144DF}.Release|Any CPU.ActiveCfg = Release|Any CPU
		{C7436AFE-A19F-4B8D-A7AD-C00B05D144DF}.Release|Any CPU.Build.0 = Release|Any CPU
		{F829087F-5590-43D5-A16C-33541D7E55D1}.Debug|Any CPU.ActiveCfg = Debug|Any CPU
		{F829087F-5590-43D5-A16C-33541D7E55D1}.Debug|Any CPU.Build.0 = Debug|Any CPU
		{F829087F-5590-43D5-A16C-33541D7E55D1}.Release|Any CPU.ActiveCfg = Release|Any CPU
		{F829087F-5590-43D5-A16C-33541D7E55D1}.Release|Any CPU.Build.0 = Release|Any CPU
		{5CE41497-59E8-4A38-A154-0C594E038348}.Debug|Any CPU.ActiveCfg = Debug|Any CPU
		{5CE41497-59E8-4A38-A154-0C594E038348}.Debug|Any CPU.Build.0 = Debug|Any CPU
		{5CE41497-59E8-4A38-A154-0C594E038348}.Release|Any CPU.ActiveCfg = Release|Any CPU
		{5CE41497-59E8-4A38-A154-0C594E038348}.Release|Any CPU.Build.0 = Release|Any CPU
		{C5FAF918-E743-4561-8834-DF3CF4A0B3A4}.Debug|Any CPU.ActiveCfg = Debug|Any CPU
		{C5FAF918-E743-4561-8834-DF3CF4A0B3A4}.Debug|Any CPU.Build.0 = Debug|Any CPU
		{C5FAF918-E743-4561-8834-DF3CF4A0B3A4}.Release|Any CPU.ActiveCfg = Release|Any CPU
		{C5FAF918-E743-4561-8834-DF3CF4A0B3A4}.Release|Any CPU.Build.0 = Release|Any CPU
		{3F27D1FA-EDAA-4CF0-B7DD-D5FCB92FC6E4}.Debug|Any CPU.ActiveCfg = Debug|Any CPU
		{3F27D1FA-EDAA-4CF0-B7DD-D5FCB92FC6E4}.Debug|Any CPU.Build.0 = Debug|Any CPU
		{3F27D1FA-EDAA-4CF0-B7DD-D5FCB92FC6E4}.Release|Any CPU.ActiveCfg = Release|Any CPU
		{3F27D1FA-EDAA-4CF0-B7DD-D5FCB92FC6E4}.Release|Any CPU.Build.0 = Release|Any CPU
		{1DBB6894-B867-46F9-AD35-D87C63A760DF}.Debug|Any CPU.ActiveCfg = Debug|Any CPU
		{1DBB6894-B867-46F9-AD35-D87C63A760DF}.Debug|Any CPU.Build.0 = Debug|Any CPU
		{1DBB6894-B867-46F9-AD35-D87C63A760DF}.Release|Any CPU.ActiveCfg = Release|Any CPU
		{1DBB6894-B867-46F9-AD35-D87C63A760DF}.Release|Any CPU.Build.0 = Release|Any CPU
		{CB0A97F6-1513-4DAC-BE3C-24CA4DB446A3}.Debug|Any CPU.ActiveCfg = Debug|Any CPU
		{CB0A97F6-1513-4DAC-BE3C-24CA4DB446A3}.Debug|Any CPU.Build.0 = Debug|Any CPU
		{CB0A97F6-1513-4DAC-BE3C-24CA4DB446A3}.Release|Any CPU.ActiveCfg = Release|Any CPU
		{CB0A97F6-1513-4DAC-BE3C-24CA4DB446A3}.Release|Any CPU.Build.0 = Release|Any CPU
		{19057019-3E3E-44AF-938A-C41C82C2B609}.Debug|Any CPU.ActiveCfg = Debug|Any CPU
		{19057019-3E3E-44AF-938A-C41C82C2B609}.Debug|Any CPU.Build.0 = Debug|Any CPU
		{19057019-3E3E-44AF-938A-C41C82C2B609}.Release|Any CPU.ActiveCfg = Release|Any CPU
		{19057019-3E3E-44AF-938A-C41C82C2B609}.Release|Any CPU.Build.0 = Release|Any CPU
		{1FE740C5-8F2B-41EC-B318-BF260FBCAEEC}.Debug|Any CPU.ActiveCfg = Debug|Any CPU
		{1FE740C5-8F2B-41EC-B318-BF260FBCAEEC}.Debug|Any CPU.Build.0 = Debug|Any CPU
		{1FE740C5-8F2B-41EC-B318-BF260FBCAEEC}.Release|Any CPU.ActiveCfg = Release|Any CPU
		{1FE740C5-8F2B-41EC-B318-BF260FBCAEEC}.Release|Any CPU.Build.0 = Release|Any CPU
		{C4025903-75AE-4F24-A9DD-EA58F1A36FF0}.Debug|Any CPU.ActiveCfg = Debug|Any CPU
		{C4025903-75AE-4F24-A9DD-EA58F1A36FF0}.Debug|Any CPU.Build.0 = Debug|Any CPU
		{C4025903-75AE-4F24-A9DD-EA58F1A36FF0}.Release|Any CPU.ActiveCfg = Release|Any CPU
		{C4025903-75AE-4F24-A9DD-EA58F1A36FF0}.Release|Any CPU.Build.0 = Release|Any CPU
		{9461F4D3-7D84-425E-8234-D6ABB8B7AE15}.Debug|Any CPU.ActiveCfg = Debug|Any CPU
		{9461F4D3-7D84-425E-8234-D6ABB8B7AE15}.Debug|Any CPU.Build.0 = Debug|Any CPU
		{9461F4D3-7D84-425E-8234-D6ABB8B7AE15}.Release|Any CPU.ActiveCfg = Release|Any CPU
		{9461F4D3-7D84-425E-8234-D6ABB8B7AE15}.Release|Any CPU.Build.0 = Release|Any CPU
		{21323AD0-D74C-4AA0-9E8C-D5697279C515}.Debug|Any CPU.ActiveCfg = Debug|Any CPU
		{21323AD0-D74C-4AA0-9E8C-D5697279C515}.Debug|Any CPU.Build.0 = Debug|Any CPU
		{21323AD0-D74C-4AA0-9E8C-D5697279C515}.Release|Any CPU.ActiveCfg = Release|Any CPU
		{21323AD0-D74C-4AA0-9E8C-D5697279C515}.Release|Any CPU.Build.0 = Release|Any CPU
		{855B03AA-38B7-496D-A284-58A468E2C7F8}.Debug|Any CPU.ActiveCfg = Debug|Any CPU
		{855B03AA-38B7-496D-A284-58A468E2C7F8}.Debug|Any CPU.Build.0 = Debug|Any CPU
		{855B03AA-38B7-496D-A284-58A468E2C7F8}.Release|Any CPU.ActiveCfg = Release|Any CPU
		{855B03AA-38B7-496D-A284-58A468E2C7F8}.Release|Any CPU.Build.0 = Release|Any CPU
		{0BFABC78-C7AD-46B2-9A82-6698406E0DAF}.Debug|Any CPU.ActiveCfg = Debug|Any CPU
		{0BFABC78-C7AD-46B2-9A82-6698406E0DAF}.Debug|Any CPU.Build.0 = Debug|Any CPU
		{0BFABC78-C7AD-46B2-9A82-6698406E0DAF}.Release|Any CPU.ActiveCfg = Release|Any CPU
		{0BFABC78-C7AD-46B2-9A82-6698406E0DAF}.Release|Any CPU.Build.0 = Release|Any CPU
		{ADC381CE-3BD2-467E-A3D0-5C5378984D74}.Debug|Any CPU.ActiveCfg = Debug|Any CPU
		{ADC381CE-3BD2-467E-A3D0-5C5378984D74}.Debug|Any CPU.Build.0 = Debug|Any CPU
		{ADC381CE-3BD2-467E-A3D0-5C5378984D74}.Release|Any CPU.ActiveCfg = Release|Any CPU
		{ADC381CE-3BD2-467E-A3D0-5C5378984D74}.Release|Any CPU.Build.0 = Release|Any CPU
	EndGlobalSection
	GlobalSection(SolutionProperties) = preSolution
		HideSolutionNode = FALSE
	EndGlobalSection
	GlobalSection(NestedProjects) = preSolution
		{63C3F18B-BC23-4937-BB0D-7A9EA5D784D0} = {6C474D48-AACB-4BDE-A697-7DB961E335BE}
		{C42B5275-1D08-48B7-9BEF-B2352A3C205B} = {6C474D48-AACB-4BDE-A697-7DB961E335BE}
		{FAD846B7-BBF9-432C-AC00-06838442A25A} = {6C474D48-AACB-4BDE-A697-7DB961E335BE}
		{48A069BD-4126-48C3-BCA0-F093DD816B3D} = {6C474D48-AACB-4BDE-A697-7DB961E335BE}
		{C7436AFE-A19F-4B8D-A7AD-C00B05D144DF} = {6C474D48-AACB-4BDE-A697-7DB961E335BE}
		{F829087F-5590-43D5-A16C-33541D7E55D1} = {6C474D48-AACB-4BDE-A697-7DB961E335BE}
		{5CE41497-59E8-4A38-A154-0C594E038348} = {6C474D48-AACB-4BDE-A697-7DB961E335BE}
		{C5FAF918-E743-4561-8834-DF3CF4A0B3A4} = {6C474D48-AACB-4BDE-A697-7DB961E335BE}
		{3F27D1FA-EDAA-4CF0-B7DD-D5FCB92FC6E4} = {6C474D48-AACB-4BDE-A697-7DB961E335BE}
		{1DBB6894-B867-46F9-AD35-D87C63A760DF} = {6C474D48-AACB-4BDE-A697-7DB961E335BE}
		{CB0A97F6-1513-4DAC-BE3C-24CA4DB446A3} = {6C474D48-AACB-4BDE-A697-7DB961E335BE}
		{19057019-3E3E-44AF-938A-C41C82C2B609} = {6C474D48-AACB-4BDE-A697-7DB961E335BE}
		{1FE740C5-8F2B-41EC-B318-BF260FBCAEEC} = {C561BC87-E28E-458D-8083-1D81565145BA}
		{C4025903-75AE-4F24-A9DD-EA58F1A36FF0} = {C561BC87-E28E-458D-8083-1D81565145BA}
		{9461F4D3-7D84-425E-8234-D6ABB8B7AE15} = {C561BC87-E28E-458D-8083-1D81565145BA}
		{21323AD0-D74C-4AA0-9E8C-D5697279C515} = {C561BC87-E28E-458D-8083-1D81565145BA}
		{855B03AA-38B7-496D-A284-58A468E2C7F8} = {1159B7E3-9272-4E7F-A7FA-955341029A62}
		{0BFABC78-C7AD-46B2-9A82-6698406E0DAF} = {1159B7E3-9272-4E7F-A7FA-955341029A62}
		{ADC381CE-3BD2-467E-A3D0-5C5378984D74} = {6C474D48-AACB-4BDE-A697-7DB961E335BE}
	EndGlobalSection
	GlobalSection(ExtensibilityGlobals) = postSolution
		SolutionGuid = {393D1C2E-0709-4010-B29A-774664CBDED3}
	EndGlobalSection
EndGlobal
